
Microsoft Visual Studio Solution File, Format Version 12.00
# Visual Studio Version 17
VisualStudioVersion = 17.4.33110.190
MinimumVisualStudioVersion = 10.0.40219.1
Project("{FAE04EC0-301F-11D3-BF4B-00C04F79EFBC}") = "WindowsFormsApp3", "WindowsFormsApp3.csproj", "{3370EE20-1164-43FA-AC5F-708D2C1A3B8A}"
EndProject
Global
	GlobalSection(SolutionConfigurationPlatforms) = preSolution
		Debug|Any CPU = Debug|Any CPU
		Release|Any CPU = Release|Any CPU
	EndGlobalSection
	GlobalSection(ProjectConfigurationPlatforms) = postSolution
		{3370EE20-1164-43FA-AC5F-708D2C1A3B8A}.Debug|Any CPU.ActiveCfg = Debug|Any CPU
		{3370EE20-1164-43FA-AC5F-708D2C1A3B8A}.Debug|Any CPU.Build.0 = Debug|Any CPU
		{3370EE20-1164-43FA-AC5F-708D2C1A3B8A}.Release|Any CPU.ActiveCfg = Release|Any CPU
		{3370EE20-1164-43FA-AC5F-708D2C1A3B8A}.Release|Any CPU.Build.0 = Release|Any CPU
	EndGlobalSection
	GlobalSection(SolutionProperties) = preSolution
		HideSolutionNode = FALSE
	EndGlobalSection
	GlobalSection(ExtensibilityGlobals) = postSolution
		SolutionGuid = {1EF03FD6-4017-409D-9366-814344AA17E0}
	EndGlobalSection
EndGlobal
